
Microsoft Visual Studio Solution File, Format Version 12.00
# Visual Studio Version 17
VisualStudioVersion = 17.7.34221.43
MinimumVisualStudioVersion = 10.0.40219.1
Project("{8BC9CEB8-8B4A-11D0-8D11-00A0C91BC942}") = "ToolSUNProject", "ToolSUNProject.vcxproj", "{D02370B4-227B-3777-A0BA-048AB0AFF455}"
EndProject
Global
	GlobalSection(SolutionConfigurationPlatforms) = preSolution
		Debug|ARM64 = Debug|ARM64
		Debug|x64 = Debug|x64
		Release|ARM64 = Release|ARM64
		Release|x64 = Release|x64
	EndGlobalSection
	GlobalSection(ProjectConfigurationPlatforms) = postSolution
		{D02370B4-227B-3777-A0BA-048AB0AFF455}.Debug|ARM64.ActiveCfg = Debug|ARM64
		{D02370B4-227B-3777-A0BA-048AB0AFF455}.Debug|ARM64.Build.0 = Debug|ARM64
		{D02370B4-227B-3777-A0BA-048AB0AFF455}.Debug|x64.ActiveCfg = Debug|x64
		{D02370B4-227B-3777-A0BA-048AB0AFF455}.Debug|x64.Build.0 = Debug|x64
		{D02370B4-227B-3777-A0BA-048AB0AFF455}.Release|ARM64.ActiveCfg = Release|ARM64
		{D02370B4-227B-3777-A0BA-048AB0AFF455}.Release|ARM64.Build.0 = Release|ARM64
		{D02370B4-227B-3777-A0BA-048AB0AFF455}.Release|x64.ActiveCfg = Release|x64
		{D02370B4-227B-3777-A0BA-048AB0AFF455}.Release|x64.Build.0 = Release|x64
	EndGlobalSection
	GlobalSection(SolutionProperties) = preSolution
		HideSolutionNode = FALSE
	EndGlobalSection
	GlobalSection(ExtensibilityGlobals) = postSolution
		SolutionGuid = {5C1DF8F0-AE6B-4D54-AB73-AECC9C8F8F40}
	EndGlobalSection
EndGlobal
